dependencies:
- name: victoria-metrics-single
  repository: https://victoriametrics.github.io/helm-charts/
  version: 0.9.12
- name: grafana
  repository: https://grafana.github.io/helm-charts
  version: 7.2.3
- name: postgresql
  repository: oci://registry-1.docker.io/bitnamicharts
  version: 13.2.21
digest: sha256:d238947b9422602484cb260a1272b442d832c03aead8a478f2c52054c0a380e9
generated: "2024-02-07T15:53:07.941302-07:00"
